
Microsoft Visual Studio Solution File, Format Version 12.00
# Visual Studio Version 17
VisualStudioVersion = 17.11.35208.52
MinimumVisualStudioVersion = 10.0.40219.1
Project("{FAE04EC0-301F-11D3-BF4B-00C04F79EFBC}") = "RegistroAcademico_Ejercicio2", "RegistroAcademico_Ejercicio2\RegistroAcademico_Ejercicio2.csproj", "{EDA328A3-D029-43B4-8C97-99CBDE1544FF}"
EndProject
Global
	GlobalSection(SolutionConfigurationPlatforms) = preSolution
		Debug|Any CPU = Debug|Any CPU
		Release|Any CPU = Release|Any CPU
	EndGlobalSection
	GlobalSection(ProjectConfigurationPlatforms) = postSolution
		{EDA328A3-D029-43B4-8C97-99CBDE1544FF}.Debug|Any CPU.ActiveCfg = Debug|Any CPU
		{EDA328A3-D029-43B4-8C97-99CBDE1544FF}.Debug|Any CPU.Build.0 = Debug|Any CPU
		{EDA328A3-D029-43B4-8C97-99CBDE1544FF}.Release|Any CPU.ActiveCfg = Release|Any CPU
		{EDA328A3-D029-43B4-8C97-99CBDE1544FF}.Release|Any CPU.Build.0 = Release|Any CPU
	EndGlobalSection
	GlobalSection(SolutionProperties) = preSolution
		HideSolutionNode = FALSE
	EndGlobalSection
	GlobalSection(ExtensibilityGlobals) = postSolution
		SolutionGuid = {2A879379-0940-468B-B55C-FC58F1BF3553}
	EndGlobalSection
EndGlobal
